// !$*UTF8*$!
{
	archiveVersion = 1;
	classes = {
	};
	objectVersion = 46;
	objects = {

/* Begin PBXBuildFile section */
		225510E519B80D5B00FD00D5 /* Foundation.framework in Frameworks */ = {isa = PBXBuildFile; fileRef = 225510E419B80D5B00FD00D5 /* Foundation.framework */; };
		225510E719B80D5B00FD00D5 /* CoreGraphics.framework in Frameworks */ = {isa = PBXBuildFile; fileRef = 225510E619B80D5B00FD00D5 /* CoreGraphics.framework */; };
		225510E919B80D5B00FD00D5 /* UIKit.framework in Frameworks */ = {isa = PBXBuildFile; fileRef = 225510E819B80D5B00FD00D5 /* UIKit.framework */; };
		225510EF19B80D5B00FD00D5 /* InfoPlist.strings in Resources */ = {isa = PBXBuildFile; fileRef = 225510ED19B80D5B00FD00D5 /* InfoPlist.strings */; };
		225510F119B80D5B00FD00D5 /* main.m in Sources */ = {isa = PBXBuildFile; fileRef = 225510F019B80D5B00FD00D5 /* main.m */; };
		225510F519B80D5B00FD00D5 /* AppDelegate.m in Sources */ = {isa = PBXBuildFile; fileRef = 225510F419B80D5B00FD00D5 /* AppDelegate.m */; };
		225510F819B80D5B00FD00D5 /* Main.storyboard in Resources */ = {isa = PBXBuildFile; fileRef = 225510F619B80D5B00FD00D5 /* Main.storyboard */; };
		225510FB19B80D5B00FD00D5 /* ChecklistsViewController.m in Sources */ = {isa = PBXBuildFile; fileRef = 225510FA19B80D5B00FD00D5 /* ChecklistsViewController.m */; };
		225510FD19B80D5B00FD00D5 /* Images.xcassets in Resources */ = {isa = PBXBuildFile; fileRef = 225510FC19B80D5B00FD00D5 /* Images.xcassets */; };
		2255110419B80D5B00FD00D5 /* XCTest.framework in Frameworks */ = {isa = PBXBuildFile; fileRef = 2255110319B80D5B00FD00D5 /* XCTest.framework */; };
		2255110519B80D5B00FD00D5 /* Foundation.framework in Frameworks */ = {isa = PBXBuildFile; fileRef = 225510E419B80D5B00FD00D5 /* Foundation.framework */; };
		2255110619B80D5B00FD00D5 /* UIKit.framework in Frameworks */ = {isa = PBXBuildFile; fileRef = 225510E819B80D5B00FD00D5 /* UIKit.framework */; };
		2255110E19B80D5B00FD00D5 /* InfoPlist.strings in Resources */ = {isa = PBXBuildFile; fileRef = 2255110C19B80D5B00FD00D5 /* InfoPlist.strings */; };
		2255111019B80D5B00FD00D5 /* pmTodoTests.m in Sources */ = {isa = PBXBuildFile; fileRef = 2255110F19B80D5B00FD00D5 /* pmTodoTests.m */; };
		229E486F19B9526300E02D8F /* ChecklistItem.m in Sources */ = {isa = PBXBuildFile; fileRef = 229E486E19B9526300E02D8F /* ChecklistItem.m */; };
		229E487219B989C000E02D8F /* ItemDetailViewController.m in Sources */ = {isa = PBXBuildFile; fileRef = 229E487119B989C000E02D8F /* ItemDetailViewController.m */; };
/* End PBXBuildFile section */

/* Begin PBXContainerItemProxy section */
		2255110719B80D5B00FD00D5 /* PBXContainerItemProxy */ = {
			isa = PBXContainerItemProxy;
			containerPortal = 225510D919B80D5B00FD00D5 /* Project object */;
			proxyType = 1;
			remoteGlobalIDString = 225510E019B80D5B00FD00D5;
			remoteInfo = pmTodo;
		};
/* End PBXContainerItemProxy section */

/* Begin PBXFileReference section */
		225510E119B80D5B00FD00D5 /* pmTodo.app */ = {isa = PBXFileReference; explicitFileType = wrapper.application; includeInIndex = 0; path = pmTodo.app; sourceTree = BUILT_PRODUCTS_DIR; };
		225510E419B80D5B00FD00D5 /* Foundation.framework */ = {isa = PBXFileReference; lastKnownFileType = wrapper.framework; name = Foundation.framework; path = System/Library/Frameworks/Foundation.framework; sourceTree = SDKROOT; };
		225510E619B80D5B00FD00D5 /* CoreGraphics.framework */ = {isa = PBXFileReference; lastKnownFileType = wrapper.framework; name = CoreGraphics.framework; path = System/Library/Frameworks/CoreGraphics.framework; sourceTree = SDKROOT; };
		225510E819B80D5B00FD00D5 /* UIKit.framework */ = {isa = PBXFileReference; lastKnownFileType = wrapper.framework; name = UIKit.framework; path = System/Library/Frameworks/UIKit.framework; sourceTree = SDKROOT; };
		225510EC19B80D5B00FD00D5 /* pmTodo-Info.plist */ = {isa = PBXFileReference; lastKnownFileType = text.plist.xml; path = "pmTodo-Info.plist"; sourceTree = "<group>"; };
		225510EE19B80D5B00FD00D5 /* en */ = {isa = PBXFileReference; lastKnownFileType = text.plist.strings; name = en; path = en.lproj/InfoPlist.strings; sourceTree = "<group>"; };
		225510F019B80D5B00FD00D5 /* main.m */ = {isa = PBXFileReference; lastKnownFileType = sourcecode.c.objc; path = main.m; sourceTree = "<group>"; };
		225510F219B80D5B00FD00D5 /* pmTodo-Prefix.pch */ = {isa = PBXFileReference; lastKnownFileType = sourcecode.c.h; path = "pmTodo-Prefix.pch"; sourceTree = "<group>"; };
		225510F319B80D5B00FD00D5 /* AppDelegate.h */ = {isa = PBXFileReference; lastKnownFileType = sourcecode.c.h; path = AppDelegate.h; sourceTree = "<group>"; };
		225510F419B80D5B00FD00D5 /* AppDelegate.m */ = {isa = PBXFileReference; lastKnownFileType = sourcecode.c.objc; path = AppDelegate.m; sourceTree = "<group>"; };
		225510F719B80D5B00FD00D5 /* Base */ = {isa = PBXFileReference; lastKnownFileType = file.storyboard; name = Base; path = Base.lproj/Main.storyboard; sourceTree = "<group>"; };
		225510F919B80D5B00FD00D5 /* ChecklistsViewController.h */ = {isa = PBXFileReference; lastKnownFileType = sourcecode.c.h; path = ChecklistsViewController.h; sourceTree = "<group>"; };
		225510FA19B80D5B00FD00D5 /* ChecklistsViewController.m */ = {isa = PBXFileReference; lastKnownFileType = sourcecode.c.objc; path = ChecklistsViewController.m; sourceTree = "<group>"; };
		225510FC19B80D5B00FD00D5 /* Images.xcassets */ = {isa = PBXFileReference; lastKnownFileType = folder.assetcatalog; path = Images.xcassets; sourceTree = "<group>"; };
		2255110219B80D5B00FD00D5 /* pmTodoTests.xctest */ = {isa = PBXFileReference; explicitFileType = wrapper.cfbundle; includeInIndex = 0; path = pmTodoTests.xctest; sourceTree = BUILT_PRODUCTS_DIR; };
		2255110319B80D5B00FD00D5 /* XCTest.framework */ = {isa = PBXFileReference; lastKnownFileType = wrapper.framework; name = XCTest.framework; path = Library/Frameworks/XCTest.framework; sourceTree = DEVELOPER_DIR; };
		2255110B19B80D5B00FD00D5 /* pmTodoTests-Info.plist */ = {isa = PBXFileReference; lastKnownFileType = text.plist.xml; path = "pmTodoTests-Info.plist"; sourceTree = "<group>"; };
		2255110D19B80D5B00FD00D5 /* en */ = {isa = PBXFileReference; lastKnownFileType = text.plist.strings; name = en; path = en.lproj/InfoPlist.strings; sourceTree = "<group>"; };
		2255110F19B80D5B00FD00D5 /* pmTodoTests.m */ = {isa = PBXFileReference; lastKnownFileType = sourcecode.c.objc; path = pmTodoTests.m; sourceTree = "<group>"; };
		229E486D19B9526300E02D8F /* ChecklistItem.h */ = {isa = PBXFileReference; fileEncoding = 4; lastKnownFileType = sourcecode.c.h; path = ChecklistItem.h; sourceTree = "<group>"; };
		229E486E19B9526300E02D8F /* ChecklistItem.m */ = {isa = PBXFileReference; fileEncoding = 4; lastKnownFileType = sourcecode.c.objc; path = ChecklistItem.m; sourceTree = "<group>"; };
		229E487019B989C000E02D8F /* ItemDetailViewController.h */ = {isa = PBXFileReference; fileEncoding = 4; lastKnownFileType = sourcecode.c.h; path = ItemDetailViewController.h; sourceTree = "<group>"; };
		229E487119B989C000E02D8F /* ItemDetailViewController.m */ = {isa = PBXFileReference; fileEncoding = 4; lastKnownFileType = sourcecode.c.objc; path = ItemDetailViewController.m; sourceTree = "<group>"; };
/* End PBXFileReference section */

/* Begin PBXFrameworksBuildPhase section */
		225510DE19B80D5B00FD00D5 /* Frameworks */ = {
			isa = PBXFrameworksBuildPhase;
			buildActionMask = 2147483647;
			files = (
				225510E719B80D5B00FD00D5 /* CoreGraphics.framework in Frameworks */,
				225510E919B80D5B00FD00D5 /* UIKit.framework in Frameworks */,
				225510E519B80D5B00FD00D5 /* Foundation.framework in Frameworks */,
			);
			runOnlyForDeploymentPostprocessing = 0;
		};
		225510FF19B80D5B00FD00D5 /* Frameworks */ = {
			isa = PBXFrameworksBuildPhase;
			buildActionMask = 2147483647;
			files = (
				2255110419B80D5B00FD00D5 /* XCTest.framework in Frameworks */,
				2255110619B80D5B00FD00D5 /* UIKit.framework in Frameworks */,
				2255110519B80D5B00FD00D5 /* Foundation.framework in Frameworks */,
			);
			runOnlyForDeploymentPostprocessing = 0;
		};
/* End PBXFrameworksBuildPhase section */

/* Begin PBXGroup section */
		225510D819B80D5B00FD00D5 = {
			isa = PBXGroup;
			children = (
				225510EA19B80D5B00FD00D5 /* pmTodo */,
				2255110919B80D5B00FD00D5 /* pmTodoTests */,
				225510E319B80D5B00FD00D5 /* Frameworks */,
				225510E219B80D5B00FD00D5 /* Products */,
			);
			sourceTree = "<group>";
		};
		225510E219B80D5B00FD00D5 /* Products */ = {
			isa = PBXGroup;
			children = (
				225510E119B80D5B00FD00D5 /* pmTodo.app */,
				2255110219B80D5B00FD00D5 /* pmTodoTests.xctest */,
			);
			name = Products;
			sourceTree = "<group>";
		};
		225510E319B80D5B00FD00D5 /* Frameworks */ = {
			isa = PBXGroup;
			children = (
				225510E419B80D5B00FD00D5 /* Foundation.framework */,
				225510E619B80D5B00FD00D5 /* CoreGraphics.framework */,
				225510E819B80D5B00FD00D5 /* UIKit.framework */,
				2255110319B80D5B00FD00D5 /* XCTest.framework */,
			);
			name = Frameworks;
			sourceTree = "<group>";
		};
		225510EA19B80D5B00FD00D5 /* pmTodo */ = {
			isa = PBXGroup;
			children = (
				225510F319B80D5B00FD00D5 /* AppDelegate.h */,
				225510F419B80D5B00FD00D5 /* AppDelegate.m */,
				225510F619B80D5B00FD00D5 /* Main.storyboard */,
				225510F919B80D5B00FD00D5 /* ChecklistsViewController.h */,
				225510FA19B80D5B00FD00D5 /* ChecklistsViewController.m */,
				229E486D19B9526300E02D8F /* ChecklistItem.h */,
				229E486E19B9526300E02D8F /* ChecklistItem.m */,
				229E487019B989C000E02D8F /* ItemDetailViewController.h */,
				229E487119B989C000E02D8F /* ItemDetailViewController.m */,
				225510FC19B80D5B00FD00D5 /* Images.xcassets */,
				225510EB19B80D5B00FD00D5 /* Supporting Files */,
			);
			path = pmTodo;
			sourceTree = "<group>";
		};
		225510EB19B80D5B00FD00D5 /* Supporting Files */ = {
			isa = PBXGroup;
			children = (
				225510EC19B80D5B00FD00D5 /* pmTodo-Info.plist */,
				225510ED19B80D5B00FD00D5 /* InfoPlist.strings */,
				225510F019B80D5B00FD00D5 /* main.m */,
				225510F219B80D5B00FD00D5 /* pmTodo-Prefix.pch */,
			);
			name = "Supporting Files";
			sourceTree = "<group>";
		};
		2255110919B80D5B00FD00D5 /* pmTodoTests */ = {
			isa = PBXGroup;
			children = (
				2255110F19B80D5B00FD00D5 /* pmTodoTests.m */,
				2255110A19B80D5B00FD00D5 /* Supporting Files */,
			);
			path = pmTodoTests;
			sourceTree = "<group>";
		};
		2255110A19B80D5B00FD00D5 /* Supporting Files */ = {
			isa = PBXGroup;
			children = (
				2255110B19B80D5B00FD00D5 /* pmTodoTests-Info.plist */,
				2255110C19B80D5B00FD00D5 /* InfoPlist.strings */,
			);
			name = "Supporting Files";
			sourceTree = "<group>";
		};
/* End PBXGroup section */

/* Begin PBXNativeTarget section */
		225510E019B80D5B00FD00D5 /* pmTodo */ = {
			isa = PBXNativeTarget;
			buildConfigurationList = 2255111319B80D5B00FD00D5 /* Build configuration list for PBXNativeTarget "pmTodo" */;
			buildPhases = (
				225510DD19B80D5B00FD00D5 /* Sources */,
				225510DE19B80D5B00FD00D5 /* Frameworks */,
				225510DF19B80D5B00FD00D5 /* Resources */,
			);
			buildRules = (
			);
			dependencies = (
			);
			name = pmTodo;
			productName = pmTodo;
			productReference = 225510E119B80D5B00FD00D5 /* pmTodo.app */;
			productType = "com.apple.product-type.application";
		};
		2255110119B80D5B00FD00D5 /* pmTodoTests */ = {
			isa = PBXNativeTarget;
			buildConfigurationList = 2255111619B80D5B00FD00D5 /* Build configuration list for PBXNativeTarget "pmTodoTests" */;
			buildPhases = (
				225510FE19B80D5B00FD00D5 /* Sources */,
				225510FF19B80D5B00FD00D5 /* Frameworks */,
				2255110019B80D5B00FD00D5 /* Resources */,
			);
			buildRules = (
			);
			dependencies = (
				2255110819B80D5B00FD00D5 /* PBXTargetDependency */,
			);
			name = pmTodoTests;
			productName = pmTodoTests;
			productReference = 2255110219B80D5B00FD00D5 /* pmTodoTests.xctest */;
			productType = "com.apple.product-type.bundle.unit-test";
		};
/* End PBXNativeTarget section */

/* Begin PBXProject section */
		225510D919B80D5B00FD00D5 /* Project object */ = {
			isa = PBXProject;
			attributes = {
				LastUpgradeCheck = 0510;
				ORGANIZATIONNAME = PM;
				TargetAttributes = {
					2255110119B80D5B00FD00D5 = {
						TestTargetID = 225510E019B80D5B00FD00D5;
					};
				};
			};
			buildConfigurationList = 225510DC19B80D5B00FD00D5 /* Build configuration list for PBXProject "pmTodo" */;
			compatibilityVersion = "Xcode 3.2";
			developmentRegion = English;
			hasScannedForEncodings = 0;
			knownRegions = (
				en,
				Base,
			);
			mainGroup = 225510D819B80D5B00FD00D5;
			productRefGroup = 225510E219B80D5B00FD00D5 /* Products */;
			projectDirPath = "";
			projectRoot = "";
			targets = (
				225510E019B80D5B00FD00D5 /* pmTodo */,
				2255110119B80D5B00FD00D5 /* pmTodoTests */,
			);
		};
/* End PBXProject section */

/* Begin PBXResourcesBuildPhase section */
		225510DF19B80D5B00FD00D5 /* Resources */ = {
			isa = PBXResourcesBuildPhase;
			buildActionMask = 2147483647;
			files = (
				225510FD19B80D5B00FD00D5 /* Images.xcassets in Resources */,
				225510EF19B80D5B00FD00D5 /* InfoPlist.strings in Resources */,
				225510F819B80D5B00FD00D5 /* Main.storyboard in Resources */,
			);
			runOnlyForDeploymentPostprocessing = 0;
		};
		2255110019B80D5B00FD00D5 /* Resources */ = {
			isa = PBXResourcesBuildPhase;
			buildActionMask = 2147483647;
			files = (
				2255110E19B80D5B00FD00D5 /* InfoPlist.strings in Resources */,
			);
			runOnlyForDeploymentPostprocessing = 0;
		};
/* End PBXResourcesBuildPhase section */

/* Begin PBXSourcesBuildPhase section */
		225510DD19B80D5B00FD00D5 /* Sources */ = {
			isa = PBXSourcesBuildPhase;
			buildActionMask = 2147483647;
			files = (
				225510FB19B80D5B00FD00D5 /* ChecklistsViewController.m in Sources */,
				225510F519B80D5B00FD00D5 /* AppDelegate.m in Sources */,
				225510F119B80D5B00FD00D5 /* main.m in Sources */,
				229E487219B989C000E02D8F /* ItemDetailViewController.m in Sources */,
				229E486F19B9526300E02D8F /* ChecklistItem.m in Sources */,
			);
			runOnlyForDeploymentPostprocessing = 0;
		};
		225510FE19B80D5B00FD00D5 /* Sources */ = {
			isa = PBXSourcesBuildPhase;
			buildActionMask = 2147483647;
			files = (
				2255111019B80D5B00FD00D5 /* pmTodoTests.m in Sources */,
			);
			runOnlyForDeploymentPostprocessing = 0;
		};
/* End PBXSourcesBuildPhase section */

/* Begin PBXTargetDependency section */
		2255110819B80D5B00FD00D5 /* PBXTargetDependency */ = {
			isa = PBXTargetDependency;
			target = 225510E019B80D5B00FD00D5 /* pmTodo */;
			targetProxy = 2255110719B80D5B00FD00D5 /* PBXContainerItemProxy */;
		};
/* End PBXTargetDependency section */

/* Begin PBXVariantGroup section */
		225510ED19B80D5B00FD00D5 /* InfoPlist.strings */ = {
			isa = PBXVariantGroup;
			children = (
				225510EE19B80D5B00FD00D5 /* en */,
			);
			name = InfoPlist.strings;
			sourceTree = "<group>";
		};
		225510F619B80D5B00FD00D5 /* Main.storyboard */ = {
			isa = PBXVariantGroup;
			children = (
				225510F719B80D5B00FD00D5 /* Base */,
			);
			name = Main.storyboard;
			sourceTree = "<group>";
		};
		2255110C19B80D5B00FD00D5 /* InfoPlist.strings */ = {
			isa = PBXVariantGroup;
			children = (
				2255110D19B80D5B00FD00D5 /* en */,
			);
			name = InfoPlist.strings;
			sourceTree = "<group>";
		};
/* End PBXVariantGroup section */

/* Begin XCBuildConfiguration section */
		2255111119B80D5B00FD00D5 /* Debug */ = {
			isa = XCBuildConfiguration;
			buildSettings = {
				ALWAYS_SEARCH_USER_PATHS = NO;
				CLANG_CXX_LANGUAGE_STANDARD = "gnu++0x";
				CLANG_CXX_LIBRARY = "libc++";
				CLANG_ENABLE_MODULES = YES;
				CLANG_ENABLE_OBJC_ARC = YES;
				CLANG_WARN_BOOL_CONVERSION = YES;
				CLANG_WARN_CONSTANT_CONVERSION = YES;
				CLANG_WARN_DIRECT_OBJC_ISA_USAGE = YES_ERROR;
				CLANG_WARN_EMPTY_BODY = YES;
				CLANG_WARN_ENUM_CONVERSION = YES;
				CLANG_WARN_INT_CONVERSION = YES;
				CLANG_WARN_OBJC_ROOT_CLASS = YES_ERROR;
				CLANG_WARN__DUPLICATE_METHOD_MATCH = YES;
				"CODE_SIGN_IDENTITY[sdk=iphoneos*]" = "iPhone Developer";
				COPY_PHASE_STRIP = NO;
				GCC_C_LANGUAGE_STANDARD = gnu99;
				GCC_DYNAMIC_NO_PIC = NO;
				GCC_OPTIMIZATION_LEVEL = 0;
				GCC_PREPROCESSOR_DEFINITIONS = (
					"DEBUG=1",
					"$(inherited)",
				);
				GCC_SYMBOLS_PRIVATE_EXTERN = NO;
				GCC_WARN_64_TO_32_BIT_CONVERSION = YES;
				GCC_WARN_ABOUT_RETURN_TYPE = YES_ERROR;
				GCC_WARN_UNDECLARED_SELECTOR = YES;
				GCC_WARN_UNINITIALIZED_AUTOS = YES_AGGRESSIVE;
				GCC_WARN_UNUSED_FUNCTION = YES;
				GCC_WARN_UNUSED_VARIABLE = YES;
				IPHONEOS_DEPLOYMENT_TARGET = 7.1;
				ONLY_ACTIVE_ARCH = YES;
				SDKROOT = iphoneos;
			};
			name = Debug;
		};
		2255111219B80D5B00FD00D5 /* Release */ = {
			isa = XCBuildConfiguration;
			buildSettings = {
				ALWAYS_SEARCH_USER_PATHS = NO;
				CLANG_CXX_LANGUAGE_STANDARD = "gnu++0x";
				CLANG_CXX_LIBRARY = "libc++";
				CLANG_ENABLE_MODULES = YES;
				CLANG_ENABLE_OBJC_ARC = YES;
				CLANG_WARN_BOOL_CONVERSION = YES;
				CLANG_WARN_CONSTANT_CONVERSION = YES;
				CLANG_WARN_DIRECT_OBJC_ISA_USAGE = YES_ERROR;
				CLANG_WARN_EMPTY_BODY = YES;
				CLANG_WARN_ENUM_CONVERSION = YES;
				CLANG_WARN_INT_CONVERSION = YES;
				CLANG_WARN_OBJC_ROOT_CLASS = YES_ERROR;
				CLANG_WARN__DUPLICATE_METHOD_MATCH = YES;
				"CODE_SIGN_IDENTITY[sdk=iphoneos*]" = "iPhone Developer";
				COPY_PHASE_STRIP = YES;
				ENABLE_NS_ASSERTIONS = NO;
				GCC_C_LANGUAGE_STANDARD = gnu99;
				GCC_WARN_64_TO_32_BIT_CONVERSION = YES;
				GCC_WARN_ABOUT_RETURN_TYPE = YES_ERROR;
				GCC_WARN_UNDECLARED_SELECTOR = YES;
				GCC_WARN_UNINITIALIZED_AUTOS = YES_AGGRESSIVE;
				GCC_WARN_UNUSED_FUNCTION = YES;
				GCC_WARN_UNUSED_VARIABLE = YES;
				IPHONEOS_DEPLOYMENT_TARGET = 7.1;
				SDKROOT = iphoneos;
				VALIDATE_PRODUCT = YES;
			};
			name = Release;
		};
		2255111419B80D5B00FD00D5 /* Debug */ = {
			isa = XCBuildConfiguration;
			buildSettings = {
				ASSETCATALOG_COMPILER_APPICON_NAME = AppIcon;
				ASSETCATALOG_COMPILER_LAUNCHIMAGE_NAME = LaunchImage;
				GCC_PRECOMPILE_PREFIX_HEADER = YES;
				GCC_PREFIX_HEADER = "pmTodo/pmTodo-Prefix.pch";
				INFOPLIST_FILE = "pmTodo/pmTodo-Info.plist";
				PRODUCT_NAME = "$(TARGET_NAME)";
				WRAPPER_EXTENSION = app;
			};
			name = Debug;
		};
		2255111519B80D5B00FD00D5 /* Release */ = {
			isa = XCBuildConfiguration;
			buildSettings = {
				ASSETCATALOG_COMPILER_APPICON_NAME = AppIcon;
				ASSETCATALOG_COMPILER_LAUNCHIMAGE_NAME = LaunchImage;
				GCC_PRECOMPILE_PREFIX_HEADER = YES;
				GCC_PREFIX_HEADER = "pmTodo/pmTodo-Prefix.pch";
				INFOPLIST_FILE = "pmTodo/pmTodo-Info.plist";
				PRODUCT_NAME = "$(TARGET_NAME)";
				WRAPPER_EXTENSION = app;
			};
			name = Release;
		};
		2255111719B80D5B00FD00D5 /* Debug */ = {
			isa = XCBuildConfiguration;
			buildSettings = {
				BUNDLE_LOADER = "$(BUILT_PRODUCTS_DIR)/pmTodo.app/pmTodo";
				FRAMEWORK_SEARCH_PATHS = (
					"$(SDKROOT)/Developer/Library/Frameworks",
					"$(inherited)",
					"$(DEVELOPER_FRAMEWORKS_DIR)",
				);
				GCC_PRECOMPILE_PREFIX_HEADER = YES;
				GCC_PREFIX_HEADER = "pmTodo/pmTodo-Prefix.pch";
				GCC_PREPROCESSOR_DEFINITIONS = (
					"DEBUG=1",
					"$(inherited)",
				);
				INFOPLIST_FILE = "pmTodoTests/pmTodoTests-Info.plist";
				PRODUCT_NAME = "$(TARGET_NAME)";
				TEST_HOST = "$(BUNDLE_LOADER)";
				WRAPPER_EXTENSION = xctest;
			};
			name = Debug;
		};
		2255111819B80D5B00FD00D5 /* Release */ = {
			isa = XCBuildConfiguration;
			buildSettings = {
				BUNDLE_LOADER = "$(BUILT_PRODUCTS_DIR)/pmTodo.app/pmTodo";
				FRAMEWORK_SEARCH_PATHS = (
					"$(SDKROOT)/Developer/Library/Frameworks",
					"$(inherited)",
					"$(DEVELOPER_FRAMEWORKS_DIR)",
				);
				GCC_PRECOMPILE_PREFIX_HEADER = YES;
				GCC_PREFIX_HEADER = "pmTodo/pmTodo-Prefix.pch";
				INFOPLIST_FILE = "pmTodoTests/pmTodoTests-Info.plist";
				PRODUCT_NAME = "$(TARGET_NAME)";
				TEST_HOST = "$(BUNDLE_LOADER)";
				WRAPPER_EXTENSION = xctest;
			};
			name = Release;
		};
/* End XCBuildConfiguration section */

/* Begin XCConfigurationList section */
		225510DC19B80D5B00FD00D5 /* Build configuration list for PBXProject "pmTodo" */ = {
			isa = XCConfigurationList;
			buildConfigurations = (
				2255111119B80D5B00FD00D5 /* Debug */,
				2255111219B80D5B00FD00D5 /* Release */,
			);
			defaultConfigurationIsVisible = 0;
			defaultConfigurationName = Release;
		};
		2255111319B80D5B00FD00D5 /* Build configuration list for PBXNativeTarget "pmTodo" */ = {
			isa = XCConfigurationList;
			buildConfigurations = (
				2255111419B80D5B00FD00D5 /* Debug */,
				2255111519B80D5B00FD00D5 /* Release */,
			);
			defaultConfigurationIsVisible = 0;
			defaultConfigurationName = Release;
		};
		2255111619B80D5B00FD00D5 /* Build configuration list for PBXNativeTarget "pmTodoTests" */ = {
			isa = XCConfigurationList;
			buildConfigurations = (
				2255111719B80D5B00FD00D5 /* Debug */,
				2255111819B80D5B00FD00D5 /* Release */,
			);
			defaultConfigurationIsVisible = 0;
			defaultConfigurationName = Release;
		};
/* End XCConfigurationList section */
	};
	rootObject = 225510D919B80D5B00FD00D5 /* Project object */;
}
